// !$*UTF8*$!
{
	archiveVersion = 1;
	classes = {
	};
	objectVersion = 50;
	objects = {

/* Begin PBXBuildFile section */
		451E5ED02454C0F40065F4E6 /* UIButtonAnimations.swift in Sources */ = {isa = PBXBuildFile; fileRef = 451E5ECF2454C0F40065F4E6 /* UIButtonAnimations.swift */; };
		451E5ED22454C3920065F4E6 /* CritterPicker.swift in Sources */ = {isa = PBXBuildFile; fileRef = 451E5ED12454C3920065F4E6 /* CritterPicker.swift */; };
		451E5ED42454C6B90065F4E6 /* CritterListingViewController.swift in Sources */ = {isa = PBXBuildFile; fileRef = 451E5ED32454C6B90065F4E6 /* CritterListingViewController.swift */; };
		4521698924525207007A808B /* HemisphereViewController.swift in Sources */ = {isa = PBXBuildFile; fileRef = 4521698824525207007A808B /* HemisphereViewController.swift */; };
		4521698C24525340007A808B /* Localizable.strings in Resources */ = {isa = PBXBuildFile; fileRef = 4521698E24525340007A808B /* Localizable.strings */; };
		4521699024525448007A808B /* HemispherePicker.swift in Sources */ = {isa = PBXBuildFile; fileRef = 4521698F24525448007A808B /* HemispherePicker.swift */; };
		45ED846D24510F2D00B1BB2C /* AppDelegate.swift in Sources */ = {isa = PBXBuildFile; fileRef = 45ED846C24510F2D00B1BB2C /* AppDelegate.swift */; };
		45ED846F24510F2D00B1BB2C /* SceneDelegate.swift in Sources */ = {isa = PBXBuildFile; fileRef = 45ED846E24510F2D00B1BB2C /* SceneDelegate.swift */; };
		45ED847624510F2D00B1BB2C /* Assets.xcassets in Resources */ = {isa = PBXBuildFile; fileRef = 45ED847524510F2D00B1BB2C /* Assets.xcassets */; };
		45ED847924510F2D00B1BB2C /* LaunchScreen.storyboard in Resources */ = {isa = PBXBuildFile; fileRef = 45ED847724510F2D00B1BB2C /* LaunchScreen.storyboard */; };
		45ED848424510F2D00B1BB2C /* CritterpediaTests.swift in Sources */ = {isa = PBXBuildFile; fileRef = 45ED848324510F2D00B1BB2C /* CritterpediaTests.swift */; };
		45ED848F24510F2D00B1BB2C /* CritterpediaUITests.swift in Sources */ = {isa = PBXBuildFile; fileRef = 45ED848E24510F2D00B1BB2C /* CritterpediaUITests.swift */; };
		45ED84A02451103F00B1BB2C /* SplashViewController.swift in Sources */ = {isa = PBXBuildFile; fileRef = 45ED849F2451103F00B1BB2C /* SplashViewController.swift */; };
		45ED84A52451112000B1BB2C /* SplashScreenBackground.png in Resources */ = {isa = PBXBuildFile; fileRef = 45ED84A42451112000B1BB2C /* SplashScreenBackground.png */; };
		45ED84A8245119E800B1BB2C /* FinkHeavy.ttf in Resources */ = {isa = PBXBuildFile; fileRef = 45ED84A72451116E00B1BB2C /* FinkHeavy.ttf */; };
/* End PBXBuildFile section */

/* Begin PBXContainerItemProxy section */
		45ED848024510F2D00B1BB2C /* PBXContainerItemProxy */ = {
			isa = PBXContainerItemProxy;
			containerPortal = 45ED846124510F2C00B1BB2C /* Project object */;
			proxyType = 1;
			remoteGlobalIDString = 45ED846824510F2C00B1BB2C;
			remoteInfo = Critterpedia;
		};
		45ED848B24510F2D00B1BB2C /* PBXContainerItemProxy */ = {
			isa = PBXContainerItemProxy;
			containerPortal = 45ED846124510F2C00B1BB2C /* Project object */;
			proxyType = 1;
			remoteGlobalIDString = 45ED846824510F2C00B1BB2C;
			remoteInfo = Critterpedia;
		};
/* End PBXContainerItemProxy section */

/* Begin PBXFileReference section */
		451E5ECF2454C0F40065F4E6 /* UIButtonAnimations.swift */ = {isa = PBXFileReference; lastKnownFileType = sourcecode.swift; path = UIButtonAnimations.swift; sourceTree = "<group>"; };
		451E5ED12454C3920065F4E6 /* CritterPicker.swift */ = {isa = PBXFileReference; lastKnownFileType = sourcecode.swift; path = CritterPicker.swift; sourceTree = "<group>"; };
		451E5ED32454C6B90065F4E6 /* CritterListingViewController.swift */ = {isa = PBXFileReference; lastKnownFileType = sourcecode.swift; path = CritterListingViewController.swift; sourceTree = "<group>"; };
		4521698824525207007A808B /* HemisphereViewController.swift */ = {isa = PBXFileReference; lastKnownFileType = sourcecode.swift; path = HemisphereViewController.swift; sourceTree = "<group>"; };
		4521698D24525340007A808B /* en */ = {isa = PBXFileReference; lastKnownFileType = text.plist.strings; name = en; path = en.lproj/Localizable.strings; sourceTree = "<group>"; };
		4521698F24525448007A808B /* HemispherePicker.swift */ = {isa = PBXFileReference; lastKnownFileType = sourcecode.swift; path = HemispherePicker.swift; sourceTree = "<group>"; };
		45ED846924510F2D00B1BB2C /* Critterpedia.app */ = {isa = PBXFileReference; explicitFileType = wrapper.application; includeInIndex = 0; path = Critterpedia.app; sourceTree = BUILT_PRODUCTS_DIR; };
		45ED846C24510F2D00B1BB2C /* AppDelegate.swift */ = {isa = PBXFileReference; lastKnownFileType = sourcecode.swift; path = AppDelegate.swift; sourceTree = "<group>"; };
		45ED846E24510F2D00B1BB2C /* SceneDelegate.swift */ = {isa = PBXFileReference; lastKnownFileType = sourcecode.swift; path = SceneDelegate.swift; sourceTree = "<group>"; };
		45ED847524510F2D00B1BB2C /* Assets.xcassets */ = {isa = PBXFileReference; lastKnownFileType = folder.assetcatalog; path = Assets.xcassets; sourceTree = "<group>"; };
		45ED847824510F2D00B1BB2C /* Base */ = {isa = PBXFileReference; lastKnownFileType = file.storyboard; name = Base; path = Base.lproj/LaunchScreen.storyboard; sourceTree = "<group>"; };
		45ED847A24510F2D00B1BB2C /* Info.plist */ = {isa = PBXFileReference; lastKnownFileType = text.plist.xml; path = Info.plist; sourceTree = "<group>"; };
		45ED847F24510F2D00B1BB2C /* CritterpediaTests.xctest */ = {isa = PBXFileReference; explicitFileType = wrapper.cfbundle; includeInIndex = 0; path = CritterpediaTests.xctest; sourceTree = BUILT_PRODUCTS_DIR; };
		45ED848324510F2D00B1BB2C /* CritterpediaTests.swift */ = {isa = PBXFileReference; lastKnownFileType = sourcecode.swift; path = CritterpediaTests.swift; sourceTree = "<group>"; };
		45ED848524510F2D00B1BB2C /* Info.plist */ = {isa = PBXFileReference; lastKnownFileType = text.plist.xml; path = Info.plist; sourceTree = "<group>"; };
		45ED848A24510F2D00B1BB2C /* CritterpediaUITests.xctest */ = {isa = PBXFileReference; explicitFileType = wrapper.cfbundle; includeInIndex = 0; path = CritterpediaUITests.xctest; sourceTree = BUILT_PRODUCTS_DIR; };
		45ED848E24510F2D00B1BB2C /* CritterpediaUITests.swift */ = {isa = PBXFileReference; lastKnownFileType = sourcecode.swift; path = CritterpediaUITests.swift; sourceTree = "<group>"; };
		45ED849024510F2D00B1BB2C /* Info.plist */ = {isa = PBXFileReference; lastKnownFileType = text.plist.xml; path = Info.plist; sourceTree = "<group>"; };
		45ED849F2451103F00B1BB2C /* SplashViewController.swift */ = {isa = PBXFileReference; lastKnownFileType = sourcecode.swift; path = SplashViewController.swift; sourceTree = "<group>"; };
		45ED84A42451112000B1BB2C /* SplashScreenBackground.png */ = {isa = PBXFileReference; lastKnownFileType = image.png; path = SplashScreenBackground.png; sourceTree = "<group>"; };
		45ED84A72451116E00B1BB2C /* FinkHeavy.ttf */ = {isa = PBXFileReference; lastKnownFileType = file; path = FinkHeavy.ttf; sourceTree = "<group>"; };
/* End PBXFileReference section */

/* Begin PBXFrameworksBuildPhase section */
		45ED846624510F2C00B1BB2C /* Frameworks */ = {
			isa = PBXFrameworksBuildPhase;
			buildActionMask = 2147483647;
			files = (
			);
			runOnlyForDeploymentPostprocessing = 0;
		};
		45ED847C24510F2D00B1BB2C /* Frameworks */ = {
			isa = PBXFrameworksBuildPhase;
			buildActionMask = 2147483647;
			files = (
			);
			runOnlyForDeploymentPostprocessing = 0;
		};
		45ED848724510F2D00B1BB2C /* Frameworks */ = {
			isa = PBXFrameworksBuildPhase;
			buildActionMask = 2147483647;
			files = (
			);
			runOnlyForDeploymentPostprocessing = 0;
		};
/* End PBXFrameworksBuildPhase section */

/* Begin PBXGroup section */
		45ED846024510F2C00B1BB2C = {
			isa = PBXGroup;
			children = (
				45ED846B24510F2D00B1BB2C /* Critterpedia */,
				45ED848224510F2D00B1BB2C /* CritterpediaTests */,
				45ED848D24510F2D00B1BB2C /* CritterpediaUITests */,
				45ED846A24510F2D00B1BB2C /* Products */,
			);
			sourceTree = "<group>";
		};
		45ED846A24510F2D00B1BB2C /* Products */ = {
			isa = PBXGroup;
			children = (
				45ED846924510F2D00B1BB2C /* Critterpedia.app */,
				45ED847F24510F2D00B1BB2C /* CritterpediaTests.xctest */,
				45ED848A24510F2D00B1BB2C /* CritterpediaUITests.xctest */,
			);
			name = Products;
			sourceTree = "<group>";
		};
		45ED846B24510F2D00B1BB2C /* Critterpedia */ = {
			isa = PBXGroup;
			children = (
				45ED84A62451115900B1BB2C /* Fonts */,
				45ED84A32451110900B1BB2C /* Images */,
				45ED849E2451100900B1BB2C /* Model */,
				45ED849D2451100500B1BB2C /* View */,
				45ED849C24510FFE00B1BB2C /* ViewController */,
				45ED846C24510F2D00B1BB2C /* AppDelegate.swift */,
				45ED846E24510F2D00B1BB2C /* SceneDelegate.swift */,
				45ED847524510F2D00B1BB2C /* Assets.xcassets */,
				45ED847724510F2D00B1BB2C /* LaunchScreen.storyboard */,
				45ED847A24510F2D00B1BB2C /* Info.plist */,
				4521698E24525340007A808B /* Localizable.strings */,
			);
			path = Critterpedia;
			sourceTree = "<group>";
		};
		45ED848224510F2D00B1BB2C /* CritterpediaTests */ = {
			isa = PBXGroup;
			children = (
				45ED848324510F2D00B1BB2C /* CritterpediaTests.swift */,
				45ED848524510F2D00B1BB2C /* Info.plist */,
			);
			path = CritterpediaTests;
			sourceTree = "<group>";
		};
		45ED848D24510F2D00B1BB2C /* CritterpediaUITests */ = {
			isa = PBXGroup;
			children = (
				45ED848E24510F2D00B1BB2C /* CritterpediaUITests.swift */,
				45ED849024510F2D00B1BB2C /* Info.plist */,
			);
			path = CritterpediaUITests;
			sourceTree = "<group>";
		};
		45ED849C24510FFE00B1BB2C /* ViewController */ = {
			isa = PBXGroup;
			children = (
				45ED849F2451103F00B1BB2C /* SplashViewController.swift */,
				4521698824525207007A808B /* HemisphereViewController.swift */,
				451E5ED32454C6B90065F4E6 /* CritterListingViewController.swift */,
			);
			path = ViewController;
			sourceTree = "<group>";
		};
		45ED849D2451100500B1BB2C /* View */ = {
			isa = PBXGroup;
			children = (
				451E5ECF2454C0F40065F4E6 /* UIButtonAnimations.swift */,
				4521698F24525448007A808B /* HemispherePicker.swift */,
				451E5ED12454C3920065F4E6 /* CritterPicker.swift */,
			);
			path = View;
			sourceTree = "<group>";
		};
		45ED849E2451100900B1BB2C /* Model */ = {
			isa = PBXGroup;
			children = (
			);
			path = Model;
			sourceTree = "<group>";
		};
		45ED84A32451110900B1BB2C /* Images */ = {
			isa = PBXGroup;
			children = (
				45ED84A42451112000B1BB2C /* SplashScreenBackground.png */,
			);
			path = Images;
			sourceTree = "<group>";
		};
		45ED84A62451115900B1BB2C /* Fonts */ = {
			isa = PBXGroup;
			children = (
				45ED84A72451116E00B1BB2C /* FinkHeavy.ttf */,
			);
			path = Fonts;
			sourceTree = "<group>";
		};
/* End PBXGroup section */

/* Begin PBXNativeTarget section */
		45ED846824510F2C00B1BB2C /* Critterpedia */ = {
			isa = PBXNativeTarget;
			buildConfigurationList = 45ED849324510F2D00B1BB2C /* Build configuration list for PBXNativeTarget "Critterpedia" */;
			buildPhases = (
				45ED846524510F2C00B1BB2C /* Sources */,
				45ED846624510F2C00B1BB2C /* Frameworks */,
				45ED846724510F2C00B1BB2C /* Resources */,
			);
			buildRules = (
			);
			dependencies = (
			);
			name = Critterpedia;
			productName = Critterpedia;
			productReference = 45ED846924510F2D00B1BB2C /* Critterpedia.app */;
			productType = "com.apple.product-type.application";
		};
		45ED847E24510F2D00B1BB2C /* CritterpediaTests */ = {
			isa = PBXNativeTarget;
			buildConfigurationList = 45ED849624510F2D00B1BB2C /* Build configuration list for PBXNativeTarget "CritterpediaTests" */;
			buildPhases = (
				45ED847B24510F2D00B1BB2C /* Sources */,
				45ED847C24510F2D00B1BB2C /* Frameworks */,
				45ED847D24510F2D00B1BB2C /* Resources */,
			);
			buildRules = (
			);
			dependencies = (
				45ED848124510F2D00B1BB2C /* PBXTargetDependency */,
			);
			name = CritterpediaTests;
			productName = CritterpediaTests;
			productReference = 45ED847F24510F2D00B1BB2C /* CritterpediaTests.xctest */;
			productType = "com.apple.product-type.bundle.unit-test";
		};
		45ED848924510F2D00B1BB2C /* CritterpediaUITests */ = {
			isa = PBXNativeTarget;
			buildConfigurationList = 45ED849924510F2D00B1BB2C /* Build configuration list for PBXNativeTarget "CritterpediaUITests" */;
			buildPhases = (
				45ED848624510F2D00B1BB2C /* Sources */,
				45ED848724510F2D00B1BB2C /* Frameworks */,
				45ED848824510F2D00B1BB2C /* Resources */,
			);
			buildRules = (
			);
			dependencies = (
				45ED848C24510F2D00B1BB2C /* PBXTargetDependency */,
			);
			name = CritterpediaUITests;
			productName = CritterpediaUITests;
			productReference = 45ED848A24510F2D00B1BB2C /* CritterpediaUITests.xctest */;
			productType = "com.apple.product-type.bundle.ui-testing";
		};
/* End PBXNativeTarget section */

/* Begin PBXProject section */
		45ED846124510F2C00B1BB2C /* Project object */ = {
			isa = PBXProject;
			attributes = {
				LastSwiftUpdateCheck = 1140;
				LastUpgradeCheck = 1140;
				ORGANIZATIONNAME = "Dennis Kao";
				TargetAttributes = {
					45ED846824510F2C00B1BB2C = {
						CreatedOnToolsVersion = 11.4.1;
					};
					45ED847E24510F2D00B1BB2C = {
						CreatedOnToolsVersion = 11.4.1;
						TestTargetID = 45ED846824510F2C00B1BB2C;
					};
					45ED848924510F2D00B1BB2C = {
						CreatedOnToolsVersion = 11.4.1;
						TestTargetID = 45ED846824510F2C00B1BB2C;
					};
				};
			};
			buildConfigurationList = 45ED846424510F2C00B1BB2C /* Build configuration list for PBXProject "Critterpedia" */;
			compatibilityVersion = "Xcode 9.3";
			developmentRegion = en;
			hasScannedForEncodings = 0;
			knownRegions = (
				en,
				Base,
			);
			mainGroup = 45ED846024510F2C00B1BB2C;
			productRefGroup = 45ED846A24510F2D00B1BB2C /* Products */;
			projectDirPath = "";
			projectRoot = "";
			targets = (
				45ED846824510F2C00B1BB2C /* Critterpedia */,
				45ED847E24510F2D00B1BB2C /* CritterpediaTests */,
				45ED848924510F2D00B1BB2C /* CritterpediaUITests */,
			);
		};
/* End PBXProject section */

/* Begin PBXResourcesBuildPhase section */
		45ED846724510F2C00B1BB2C /* Resources */ = {
			isa = PBXResourcesBuildPhase;
			buildActionMask = 2147483647;
			files = (
				4521698C24525340007A808B /* Localizable.strings in Resources */,
				45ED847924510F2D00B1BB2C /* LaunchScreen.storyboard in Resources */,
				45ED84A52451112000B1BB2C /* SplashScreenBackground.png in Resources */,
				45ED84A8245119E800B1BB2C /* FinkHeavy.ttf in Resources */,
				45ED847624510F2D00B1BB2C /* Assets.xcassets in Resources */,
			);
			runOnlyForDeploymentPostprocessing = 0;
		};
		45ED847D24510F2D00B1BB2C /* Resources */ = {
			isa = PBXResourcesBuildPhase;
			buildActionMask = 2147483647;
			files = (
			);
			runOnlyForDeploymentPostprocessing = 0;
		};
		45ED848824510F2D00B1BB2C /* Resources */ = {
			isa = PBXResourcesBuildPhase;
			buildActionMask = 2147483647;
			files = (
			);
			runOnlyForDeploymentPostprocessing = 0;
		};
/* End PBXResourcesBuildPhase section */

/* Begin PBXSourcesBuildPhase section */
		45ED846524510F2C00B1BB2C /* Sources */ = {
			isa = PBXSourcesBuildPhase;
			buildActionMask = 2147483647;
			files = (
				4521699024525448007A808B /* HemispherePicker.swift in Sources */,
				45ED84A02451103F00B1BB2C /* SplashViewController.swift in Sources */,
				451E5ED02454C0F40065F4E6 /* UIButtonAnimations.swift in Sources */,
				451E5ED22454C3920065F4E6 /* CritterPicker.swift in Sources */,
				45ED846D24510F2D00B1BB2C /* AppDelegate.swift in Sources */,
				4521698924525207007A808B /* HemisphereViewController.swift in Sources */,
				45ED846F24510F2D00B1BB2C /* SceneDelegate.swift in Sources */,
				451E5ED42454C6B90065F4E6 /* CritterListingViewController.swift in Sources */,
			);
			runOnlyForDeploymentPostprocessing = 0;
		};
		45ED847B24510F2D00B1BB2C /* Sources */ = {
			isa = PBXSourcesBuildPhase;
			buildActionMask = 2147483647;
			files = (
				45ED848424510F2D00B1BB2C /* CritterpediaTests.swift in Sources */,
			);
			runOnlyForDeploymentPostprocessing = 0;
		};
		45ED848624510F2D00B1BB2C /* Sources */ = {
			isa = PBXSourcesBuildPhase;
			buildActionMask = 2147483647;
			files = (
				45ED848F24510F2D00B1BB2C /* CritterpediaUITests.swift in Sources */,
			);
			runOnlyForDeploymentPostprocessing = 0;
		};
/* End PBXSourcesBuildPhase section */

/* Begin PBXTargetDependency section */
		45ED848124510F2D00B1BB2C /* PBXTargetDependency */ = {
			isa = PBXTargetDependency;
			target = 45ED846824510F2C00B1BB2C /* Critterpedia */;
			targetProxy = 45ED848024510F2D00B1BB2C /* PBXContainerItemProxy */;
		};
		45ED848C24510F2D00B1BB2C /* PBXTargetDependency */ = {
			isa = PBXTargetDependency;
			target = 45ED846824510F2C00B1BB2C /* Critterpedia */;
			targetProxy = 45ED848B24510F2D00B1BB2C /* PBXContainerItemProxy */;
		};
/* End PBXTargetDependency section */

/* Begin PBXVariantGroup section */
		4521698E24525340007A808B /* Localizable.strings */ = {
			isa = PBXVariantGroup;
			children = (
				4521698D24525340007A808B /* en */,
			);
			name = Localizable.strings;
			sourceTree = "<group>";
		};
		45ED847724510F2D00B1BB2C /* LaunchScreen.storyboard */ = {
			isa = PBXVariantGroup;
			children = (
				45ED847824510F2D00B1BB2C /* Base */,
			);
			name = LaunchScreen.storyboard;
			sourceTree = "<group>";
		};
/* End PBXVariantGroup section */

/* Begin XCBuildConfiguration section */
		45ED849124510F2D00B1BB2C /* Debug */ = {
			isa = XCBuildConfiguration;
			buildSettings = {
				ALWAYS_SEARCH_USER_PATHS = NO;
				CLANG_ANALYZER_NONNULL = YES;
				CLANG_ANALYZER_NUMBER_OBJECT_CONVERSION = YES_AGGRESSIVE;
				CLANG_CXX_LANGUAGE_STANDARD = "gnu++14";
				CLANG_CXX_LIBRARY = "libc++";
				CLANG_ENABLE_MODULES = YES;
				CLANG_ENABLE_OBJC_ARC = YES;
				CLANG_ENABLE_OBJC_WEAK = YES;
				CLANG_WARN_BLOCK_CAPTURE_AUTORELEASING = YES;
				CLANG_WARN_BOOL_CONVERSION = YES;
				CLANG_WARN_COMMA = YES;
				CLANG_WARN_CONSTANT_CONVERSION = YES;
				CLANG_WARN_DEPRECATED_OBJC_IMPLEMENTATIONS = YES;
				CLANG_WARN_DIRECT_OBJC_ISA_USAGE = YES_ERROR;
				CLANG_WARN_DOCUMENTATION_COMMENTS = YES;
				CLANG_WARN_EMPTY_BODY = YES;
				CLANG_WARN_ENUM_CONVERSION = YES;
				CLANG_WARN_INFINITE_RECURSION = YES;
				CLANG_WARN_INT_CONVERSION = YES;
				CLANG_WARN_NON_LITERAL_NULL_CONVERSION = YES;
				CLANG_WARN_OBJC_IMPLICIT_RETAIN_SELF = YES;
				CLANG_WARN_OBJC_LITERAL_CONVERSION = YES;
				CLANG_WARN_OBJC_ROOT_CLASS = YES_ERROR;
				CLANG_WARN_RANGE_LOOP_ANALYSIS = YES;
				CLANG_WARN_STRICT_PROTOTYPES = YES;
				CLANG_WARN_SUSPICIOUS_MOVE = YES;
				CLANG_WARN_UNGUARDED_AVAILABILITY = YES_AGGRESSIVE;
				CLANG_WARN_UNREACHABLE_CODE = YES;
				CLANG_WARN__DUPLICATE_METHOD_MATCH = YES;
				COPY_PHASE_STRIP = NO;
				DEBUG_INFORMATION_FORMAT = dwarf;
				ENABLE_STRICT_OBJC_MSGSEND = YES;
				ENABLE_TESTABILITY = YES;
				GCC_C_LANGUAGE_STANDARD = gnu11;
				GCC_DYNAMIC_NO_PIC = NO;
				GCC_NO_COMMON_BLOCKS = YES;
				GCC_OPTIMIZATION_LEVEL = 0;
				GCC_PREPROCESSOR_DEFINITIONS = (
					"DEBUG=1",
					"$(inherited)",
				);
				GCC_WARN_64_TO_32_BIT_CONVERSION = YES;
				GCC_WARN_ABOUT_RETURN_TYPE = YES_ERROR;
				GCC_WARN_UNDECLARED_SELECTOR = YES;
				GCC_WARN_UNINITIALIZED_AUTOS = YES_AGGRESSIVE;
				GCC_WARN_UNUSED_FUNCTION = YES;
				GCC_WARN_UNUSED_VARIABLE = YES;
				IPHONEOS_DEPLOYMENT_TARGET = 13.4;
				MTL_ENABLE_DEBUG_INFO = INCLUDE_SOURCE;
				MTL_FAST_MATH = YES;
				ONLY_ACTIVE_ARCH = YES;
				SDKROOT = iphoneos;
				SWIFT_ACTIVE_COMPILATION_CONDITIONS = DEBUG;
				SWIFT_OPTIMIZATION_LEVEL = "-Onone";
			};
			name = Debug;
		};
		45ED849224510F2D00B1BB2C /* Release */ = {
			isa = XCBuildConfiguration;
			buildSettings = {
				ALWAYS_SEARCH_USER_PATHS = NO;
				CLANG_ANALYZER_NONNULL = YES;
				CLANG_ANALYZER_NUMBER_OBJECT_CONVERSION = YES_AGGRESSIVE;
				CLANG_CXX_LANGUAGE_STANDARD = "gnu++14";
				CLANG_CXX_LIBRARY = "libc++";
				CLANG_ENABLE_MODULES = YES;
				CLANG_ENABLE_OBJC_ARC = YES;
				CLANG_ENABLE_OBJC_WEAK = YES;
				CLANG_WARN_BLOCK_CAPTURE_AUTORELEASING = YES;
				CLANG_WARN_BOOL_CONVERSION = YES;
				CLANG_WARN_COMMA = YES;
				CLANG_WARN_CONSTANT_CONVERSION = YES;
				CLANG_WARN_DEPRECATED_OBJC_IMPLEMENTATIONS = YES;
				CLANG_WARN_DIRECT_OBJC_ISA_USAGE = YES_ERROR;
				CLANG_WARN_DOCUMENTATION_COMMENTS = YES;
				CLANG_WARN_EMPTY_BODY = YES;
				CLANG_WARN_ENUM_CONVERSION = YES;
				CLANG_WARN_INFINITE_RECURSION = YES;
				CLANG_WARN_INT_CONVERSION = YES;
				CLANG_WARN_NON_LITERAL_NULL_CONVERSION = YES;
				CLANG_WARN_OBJC_IMPLICIT_RETAIN_SELF = YES;
				CLANG_WARN_OBJC_LITERAL_CONVERSION = YES;
				CLANG_WARN_OBJC_ROOT_CLASS = YES_ERROR;
				CLANG_WARN_RANGE_LOOP_ANALYSIS = YES;
				CLANG_WARN_STRICT_PROTOTYPES = YES;
				CLANG_WARN_SUSPICIOUS_MOVE = YES;
				CLANG_WARN_UNGUARDED_AVAILABILITY = YES_AGGRESSIVE;
				CLANG_WARN_UNREACHABLE_CODE = YES;
				CLANG_WARN__DUPLICATE_METHOD_MATCH = YES;
				COPY_PHASE_STRIP = NO;
				DEBUG_INFORMATION_FORMAT = "dwarf-with-dsym";
				ENABLE_NS_ASSERTIONS = NO;
				ENABLE_STRICT_OBJC_MSGSEND = YES;
				GCC_C_LANGUAGE_STANDARD = gnu11;
				GCC_NO_COMMON_BLOCKS = YES;
				GCC_WARN_64_TO_32_BIT_CONVERSION = YES;
				GCC_WARN_ABOUT_RETURN_TYPE = YES_ERROR;
				GCC_WARN_UNDECLARED_SELECTOR = YES;
				GCC_WARN_UNINITIALIZED_AUTOS = YES_AGGRESSIVE;
				GCC_WARN_UNUSED_FUNCTION = YES;
				GCC_WARN_UNUSED_VARIABLE = YES;
				IPHONEOS_DEPLOYMENT_TARGET = 13.4;
				MTL_ENABLE_DEBUG_INFO = NO;
				MTL_FAST_MATH = YES;
				SDKROOT = iphoneos;
				SWIFT_COMPILATION_MODE = wholemodule;
				SWIFT_OPTIMIZATION_LEVEL = "-O";
				VALIDATE_PRODUCT = YES;
			};
			name = Release;
		};
		45ED849424510F2D00B1BB2C /* Debug */ = {
			isa = XCBuildConfiguration;
			buildSettings = {
				ASSETCATALOG_COMPILER_APPICON_NAME = AppIcon;
				CODE_SIGN_STYLE = Automatic;
				DEVELOPMENT_TEAM = D6NP2AUF46;
				INFOPLIST_FILE = Critterpedia/Info.plist;
				LD_RUNPATH_SEARCH_PATHS = (
					"$(inherited)",
					"@executable_path/Frameworks",
				);
				PRODUCT_BUNDLE_IDENTIFIER = com.denny.Critterpedia;
				PRODUCT_NAME = "$(TARGET_NAME)";
				SWIFT_VERSION = 5.0;
				TARGETED_DEVICE_FAMILY = "1,2";
			};
			name = Debug;
		};
		45ED849524510F2D00B1BB2C /* Release */ = {
			isa = XCBuildConfiguration;
			buildSettings = {
				ASSETCATALOG_COMPILER_APPICON_NAME = AppIcon;
				CODE_SIGN_STYLE = Automatic;
				DEVELOPMENT_TEAM = D6NP2AUF46;
				INFOPLIST_FILE = Critterpedia/Info.plist;
				LD_RUNPATH_SEARCH_PATHS = (
					"$(inherited)",
					"@executable_path/Frameworks",
				);
				PRODUCT_BUNDLE_IDENTIFIER = com.denny.Critterpedia;
				PRODUCT_NAME = "$(TARGET_NAME)";
				SWIFT_VERSION = 5.0;
				TARGETED_DEVICE_FAMILY = "1,2";
			};
			name = Release;
		};
		45ED849724510F2D00B1BB2C /* Debug */ = {
			isa = XCBuildConfiguration;
			buildSettings = {
				ALWAYS_EMBED_SWIFT_STANDARD_LIBRARIES = YES;
				BUNDLE_LOADER = "$(TEST_HOST)";
				CODE_SIGN_STYLE = Automatic;
				DEVELOPMENT_TEAM = D6NP2AUF46;
				INFOPLIST_FILE = CritterpediaTests/Info.plist;
				IPHONEOS_DEPLOYMENT_TARGET = 13.4;
				LD_RUNPATH_SEARCH_PATHS = (
					"$(inherited)",
					"@executable_path/Frameworks",
					"@loader_path/Frameworks",
				);
				PRODUCT_BUNDLE_IDENTIFIER = com.denny.CritterpediaTests;
				PRODUCT_NAME = "$(TARGET_NAME)";
				SWIFT_VERSION = 5.0;
				TARGETED_DEVICE_FAMILY = "1,2";
				TEST_HOST = "$(BUILT_PRODUCTS_DIR)/Critterpedia.app/Critterpedia";
			};
			name = Debug;
		};
		45ED849824510F2D00B1BB2C /* Release */ = {
			isa = XCBuildConfiguration;
			buildSettings = {
				ALWAYS_EMBED_SWIFT_STANDARD_LIBRARIES = YES;
				BUNDLE_LOADER = "$(TEST_HOST)";
				CODE_SIGN_STYLE = Automatic;
				DEVELOPMENT_TEAM = D6NP2AUF46;
				INFOPLIST_FILE = CritterpediaTests/Info.plist;
				IPHONEOS_DEPLOYMENT_TARGET = 13.4;
				LD_RUNPATH_SEARCH_PATHS = (
					"$(inherited)",
					"@executable_path/Frameworks",
					"@loader_path/Frameworks",
				);
				PRODUCT_BUNDLE_IDENTIFIER = com.denny.CritterpediaTests;
				PRODUCT_NAME = "$(TARGET_NAME)";
				SWIFT_VERSION = 5.0;
				TARGETED_DEVICE_FAMILY = "1,2";
				TEST_HOST = "$(BUILT_PRODUCTS_DIR)/Critterpedia.app/Critterpedia";
			};
			name = Release;
		};
		45ED849A24510F2D00B1BB2C /* Debug */ = {
			isa = XCBuildConfiguration;
			buildSettings = {
				ALWAYS_EMBED_SWIFT_STANDARD_LIBRARIES = YES;
				CODE_SIGN_STYLE = Automatic;
				DEVELOPMENT_TEAM = D6NP2AUF46;
				INFOPLIST_FILE = CritterpediaUITests/Info.plist;
				LD_RUNPATH_SEARCH_PATHS = (
					"$(inherited)",
					"@executable_path/Frameworks",
					"@loader_path/Frameworks",
				);
				PRODUCT_BUNDLE_IDENTIFIER = com.denny.CritterpediaUITests;
				PRODUCT_NAME = "$(TARGET_NAME)";
				SWIFT_VERSION = 5.0;
				TARGETED_DEVICE_FAMILY = "1,2";
				TEST_TARGET_NAME = Critterpedia;
			};
			name = Debug;
		};
		45ED849B24510F2D00B1BB2C /* Release */ = {
			isa = XCBuildConfiguration;
			buildSettings = {
				ALWAYS_EMBED_SWIFT_STANDARD_LIBRARIES = YES;
				CODE_SIGN_STYLE = Automatic;
				DEVELOPMENT_TEAM = D6NP2AUF46;
				INFOPLIST_FILE = CritterpediaUITests/Info.plist;
				LD_RUNPATH_SEARCH_PATHS = (
					"$(inherited)",
					"@executable_path/Frameworks",
					"@loader_path/Frameworks",
				);
				PRODUCT_BUNDLE_IDENTIFIER = com.denny.CritterpediaUITests;
				PRODUCT_NAME = "$(TARGET_NAME)";
				SWIFT_VERSION = 5.0;
				TARGETED_DEVICE_FAMILY = "1,2";
				TEST_TARGET_NAME = Critterpedia;
			};
			name = Release;
		};
/* End XCBuildConfiguration section */

/* Begin XCConfigurationList section */
		45ED846424510F2C00B1BB2C /* Build configuration list for PBXProject "Critterpedia" */ = {
			isa = XCConfigurationList;
			buildConfigurations = (
				45ED849124510F2D00B1BB2C /* Debug */,
				45ED849224510F2D00B1BB2C /* Release */,
			);
			defaultConfigurationIsVisible = 0;
			defaultConfigurationName = Release;
		};
		45ED849324510F2D00B1BB2C /* Build configuration list for PBXNativeTarget "Critterpedia" */ = {
			isa = XCConfigurationList;
			buildConfigurations = (
				45ED849424510F2D00B1BB2C /* Debug */,
				45ED849524510F2D00B1BB2C /* Release */,
			);
			defaultConfigurationIsVisible = 0;
			defaultConfigurationName = Release;
		};
		45ED849624510F2D00B1BB2C /* Build configuration list for PBXNativeTarget "CritterpediaTests" */ = {
			isa = XCConfigurationList;
			buildConfigurations = (
				45ED849724510F2D00B1BB2C /* Debug */,
				45ED849824510F2D00B1BB2C /* Release */,
			);
			defaultConfigurationIsVisible = 0;
			defaultConfigurationName = Release;
		};
		45ED849924510F2D00B1BB2C /* Build configuration list for PBXNativeTarget "CritterpediaUITests" */ = {
			isa = XCConfigurationList;
			buildConfigurations = (
				45ED849A24510F2D00B1BB2C /* Debug */,
				45ED849B24510F2D00B1BB2C /* Release */,
			);
			defaultConfigurationIsVisible = 0;
			defaultConfigurationName = Release;
		};
/* End XCConfigurationList section */
	};
	rootObject = 45ED846124510F2C00B1BB2C /* Project object */;
}
